
Microsoft Visual Studio Solution File, Format Version 12.00
Project("{FAE04EC0-301F-11D3-BF4B-00C04F79EFBC}") = "NaturalCron", "NaturalCron\NaturalCron.csproj", "{CFF7F757-6BAD-445B-BC83-B77E215FF854}"
EndProject
Project("{FAE04EC0-301F-11D3-BF4B-00C04F79EFBC}") = "NaturalCron.UnitTests", "NaturalCron.UnitTests\NaturalCron.UnitTests.csproj", "{CC0D1612-8E1E-45BD-93CC-A829F7E1E63E}"
EndProject
Project("{FAE04EC0-301F-11D3-BF4B-00C04F79EFBC}") = "NaturalCron.Examples", "NaturalCron.Examples\NaturalCron.Examples.csproj", "{0CD7C9B7-077B-4948-BA7F-05753D4B594C}"
EndProject
Project("{FAE04EC0-301F-11D3-BF4B-00C04F79EFBC}") = "NaturalCron.Quartz.Example", "NaturalCron.Quartz.Example\NaturalCron.Quartz.Example.csproj", "{0067EEDA-6FB0-4EDD-90F4-B8D394A83FB5}"
EndProject
Project("{FAE04EC0-301F-11D3-BF4B-00C04F79EFBC}") = "NaturalCron.Quartz", "NaturalCron.Quartz\NaturalCron.Quartz.csproj", "{A155E1F5-6D16-4A28-AF2C-17DCCB52628E}"
EndProject
Project("{FAE04EC0-301F-11D3-BF4B-00C04F79EFBC}") = "NaturalCron.Quartz.Tests", "NaturalCron.Quartz.Tests\NaturalCron.Quartz.Tests.csproj", "{6F478043-D4D6-488D-8775-69739429EFFC}"
EndProject
Project("{FAE04EC0-301F-11D3-BF4B-00C04F79EFBC}") = "NaturalCron.CronConverter", "NaturalCron.CronConverter\NaturalCron.CronConverter.csproj", "{8C6B5FDF-CC9D-464D-A2DA-5DCDA3CF572F}"
EndProject
Project("{FAE04EC0-301F-11D3-BF4B-00C04F79EFBC}") = "NaturalCron.CronConverter.Tests", "NaturalCron.CronConverter.Tests\NaturalCron.CronConverter.Tests.csproj", "{951DF587-D640-4E39-A42E-2F75D063C716}"
EndProject
Global
	GlobalSection(SolutionConfigurationPlatforms) = preSolution
		Debug|Any CPU = Debug|Any CPU
		Debug|x64 = Debug|x64
		Debug|x86 = Debug|x86
		Release|Any CPU = Release|Any CPU
		Release|x64 = Release|x64
		Release|x86 = Release|x86
	EndGlobalSection
	GlobalSection(ProjectConfigurationPlatforms) = postSolution
		{CFF7F757-6BAD-445B-BC83-B77E215FF854}.Debug|Any CPU.ActiveCfg = Debug|Any CPU
		{CFF7F757-6BAD-445B-BC83-B77E215FF854}.Debug|Any CPU.Build.0 = Debug|Any CPU
		{CFF7F757-6BAD-445B-BC83-B77E215FF854}.Debug|x64.ActiveCfg = Debug|Any CPU
		{CFF7F757-6BAD-445B-BC83-B77E215FF854}.Debug|x64.Build.0 = Debug|Any CPU
		{CFF7F757-6BAD-445B-BC83-B77E215FF854}.Debug|x86.ActiveCfg = Debug|Any CPU
		{CFF7F757-6BAD-445B-BC83-B77E215FF854}.Debug|x86.Build.0 = Debug|Any CPU
		{CFF7F757-6BAD-445B-BC83-B77E215FF854}.Release|Any CPU.ActiveCfg = Release|Any CPU
		{CFF7F757-6BAD-445B-BC83-B77E215FF854}.Release|Any CPU.Build.0 = Release|Any CPU
		{CFF7F757-6BAD-445B-BC83-B77E215FF854}.Release|x64.ActiveCfg = Release|Any CPU
		{CFF7F757-6BAD-445B-BC83-B77E215FF854}.Release|x64.Build.0 = Release|Any CPU
		{CFF7F757-6BAD-445B-BC83-B77E215FF854}.Release|x86.ActiveCfg = Release|Any CPU
		{CFF7F757-6BAD-445B-BC83-B77E215FF854}.Release|x86.Build.0 = Release|Any CPU
		{CC0D1612-8E1E-45BD-93CC-A829F7E1E63E}.Debug|Any CPU.ActiveCfg = Debug|Any CPU
		{CC0D1612-8E1E-45BD-93CC-A829F7E1E63E}.Debug|Any CPU.Build.0 = Debug|Any CPU
		{CC0D1612-8E1E-45BD-93CC-A829F7E1E63E}.Debug|x64.ActiveCfg = Debug|Any CPU
		{CC0D1612-8E1E-45BD-93CC-A829F7E1E63E}.Debug|x64.Build.0 = Debug|Any CPU
		{CC0D1612-8E1E-45BD-93CC-A829F7E1E63E}.Debug|x86.ActiveCfg = Debug|Any CPU
		{CC0D1612-8E1E-45BD-93CC-A829F7E1E63E}.Debug|x86.Build.0 = Debug|Any CPU
		{CC0D1612-8E1E-45BD-93CC-A829F7E1E63E}.Release|Any CPU.ActiveCfg = Release|Any CPU
		{CC0D1612-8E1E-45BD-93CC-A829F7E1E63E}.Release|Any CPU.Build.0 = Release|Any CPU
		{CC0D1612-8E1E-45BD-93CC-A829F7E1E63E}.Release|x64.ActiveCfg = Release|Any CPU
		{CC0D1612-8E1E-45BD-93CC-A829F7E1E63E}.Release|x64.Build.0 = Release|Any CPU
		{CC0D1612-8E1E-45BD-93CC-A829F7E1E63E}.Release|x86.ActiveCfg = Release|Any CPU
		{CC0D1612-8E1E-45BD-93CC-A829F7E1E63E}.Release|x86.Build.0 = Release|Any CPU
		{0CD7C9B7-077B-4948-BA7F-05753D4B594C}.Debug|Any CPU.ActiveCfg = Debug|Any CPU
		{0CD7C9B7-077B-4948-BA7F-05753D4B594C}.Debug|Any CPU.Build.0 = Debug|Any CPU
		{0CD7C9B7-077B-4948-BA7F-05753D4B594C}.Debug|x64.ActiveCfg = Debug|Any CPU
		{0CD7C9B7-077B-4948-BA7F-05753D4B594C}.Debug|x64.Build.0 = Debug|Any CPU
		{0CD7C9B7-077B-4948-BA7F-05753D4B594C}.Debug|x86.ActiveCfg = Debug|Any CPU
		{0CD7C9B7-077B-4948-BA7F-05753D4B594C}.Debug|x86.Build.0 = Debug|Any CPU
		{0CD7C9B7-077B-4948-BA7F-05753D4B594C}.Release|Any CPU.ActiveCfg = Release|Any CPU
		{0CD7C9B7-077B-4948-BA7F-05753D4B594C}.Release|Any CPU.Build.0 = Release|Any CPU
		{0CD7C9B7-077B-4948-BA7F-05753D4B594C}.Release|x64.ActiveCfg = Release|Any CPU
		{0CD7C9B7-077B-4948-BA7F-05753D4B594C}.Release|x64.Build.0 = Release|Any CPU
		{0CD7C9B7-077B-4948-BA7F-05753D4B594C}.Release|x86.ActiveCfg = Release|Any CPU
		{0CD7C9B7-077B-4948-BA7F-05753D4B594C}.Release|x86.Build.0 = Release|Any CPU
		{0067EEDA-6FB0-4EDD-90F4-B8D394A83FB5}.Debug|Any CPU.ActiveCfg = Debug|Any CPU
		{0067EEDA-6FB0-4EDD-90F4-B8D394A83FB5}.Debug|Any CPU.Build.0 = Debug|Any CPU
		{0067EEDA-6FB0-4EDD-90F4-B8D394A83FB5}.Debug|x64.ActiveCfg = Debug|Any CPU
		{0067EEDA-6FB0-4EDD-90F4-B8D394A83FB5}.Debug|x64.Build.0 = Debug|Any CPU
		{0067EEDA-6FB0-4EDD-90F4-B8D394A83FB5}.Debug|x86.ActiveCfg = Debug|Any CPU
		{0067EEDA-6FB0-4EDD-90F4-B8D394A83FB5}.Debug|x86.Build.0 = Debug|Any CPU
		{0067EEDA-6FB0-4EDD-90F4-B8D394A83FB5}.Release|Any CPU.ActiveCfg = Release|Any CPU
		{0067EEDA-6FB0-4EDD-90F4-B8D394A83FB5}.Release|Any CPU.Build.0 = Release|Any CPU
		{0067EEDA-6FB0-4EDD-90F4-B8D394A83FB5}.Release|x64.ActiveCfg = Release|Any CPU
		{0067EEDA-6FB0-4EDD-90F4-B8D394A83FB5}.Release|x64.Build.0 = Release|Any CPU
		{0067EEDA-6FB0-4EDD-90F4-B8D394A83FB5}.Release|x86.ActiveCfg = Release|Any CPU
		{0067EEDA-6FB0-4EDD-90F4-B8D394A83FB5}.Release|x86.Build.0 = Release|Any CPU
		{A155E1F5-6D16-4A28-AF2C-17DCCB52628E}.Debug|Any CPU.ActiveCfg = Debug|Any CPU
		{A155E1F5-6D16-4A28-AF2C-17DCCB52628E}.Debug|Any CPU.Build.0 = Debug|Any CPU
		{A155E1F5-6D16-4A28-AF2C-17DCCB52628E}.Debug|x64.ActiveCfg = Debug|Any CPU
		{A155E1F5-6D16-4A28-AF2C-17DCCB52628E}.Debug|x64.Build.0 = Debug|Any CPU
		{A155E1F5-6D16-4A28-AF2C-17DCCB52628E}.Debug|x86.ActiveCfg = Debug|Any CPU
		{A155E1F5-6D16-4A28-AF2C-17DCCB52628E}.Debug|x86.Build.0 = Debug|Any CPU
		{A155E1F5-6D16-4A28-AF2C-17DCCB52628E}.Release|Any CPU.ActiveCfg = Release|Any CPU
		{A155E1F5-6D16-4A28-AF2C-17DCCB52628E}.Release|Any CPU.Build.0 = Release|Any CPU
		{A155E1F5-6D16-4A28-AF2C-17DCCB52628E}.Release|x64.ActiveCfg = Release|Any CPU
		{A155E1F5-6D16-4A28-AF2C-17DCCB52628E}.Release|x64.Build.0 = Release|Any CPU
		{A155E1F5-6D16-4A28-AF2C-17DCCB52628E}.Release|x86.ActiveCfg = Release|Any CPU
		{A155E1F5-6D16-4A28-AF2C-17DCCB52628E}.Release|x86.Build.0 = Release|Any CPU
		{6F478043-D4D6-488D-8775-69739429EFFC}.Debug|Any CPU.ActiveCfg = Debug|Any CPU
		{6F478043-D4D6-488D-8775-69739429EFFC}.Debug|Any CPU.Build.0 = Debug|Any CPU
		{6F478043-D4D6-488D-8775-69739429EFFC}.Debug|x64.ActiveCfg = Debug|Any CPU
		{6F478043-D4D6-488D-8775-69739429EFFC}.Debug|x64.Build.0 = Debug|Any CPU
		{6F478043-D4D6-488D-8775-69739429EFFC}.Debug|x86.ActiveCfg = Debug|Any CPU
		{6F478043-D4D6-488D-8775-69739429EFFC}.Debug|x86.Build.0 = Debug|Any CPU
		{6F478043-D4D6-488D-8775-69739429EFFC}.Release|Any CPU.ActiveCfg = Release|Any CPU
		{6F478043-D4D6-488D-8775-69739429EFFC}.Release|Any CPU.Build.0 = Release|Any CPU
		{6F478043-D4D6-488D-8775-69739429EFFC}.Release|x64.ActiveCfg = Release|Any CPU
		{6F478043-D4D6-488D-8775-69739429EFFC}.Release|x64.Build.0 = Release|Any CPU
		{6F478043-D4D6-488D-8775-69739429EFFC}.Release|x86.ActiveCfg = Release|Any CPU
		{6F478043-D4D6-488D-8775-69739429EFFC}.Release|x86.Build.0 = Release|Any CPU
		{8C6B5FDF-CC9D-464D-A2DA-5DCDA3CF572F}.Debug|Any CPU.ActiveCfg = Debug|Any CPU
		{8C6B5FDF-CC9D-464D-A2DA-5DCDA3CF572F}.Debug|Any CPU.Build.0 = Debug|Any CPU
		{8C6B5FDF-CC9D-464D-A2DA-5DCDA3CF572F}.Debug|x64.ActiveCfg = Debug|Any CPU
		{8C6B5FDF-CC9D-464D-A2DA-5DCDA3CF572F}.Debug|x64.Build.0 = Debug|Any CPU
		{8C6B5FDF-CC9D-464D-A2DA-5DCDA3CF572F}.Debug|x86.ActiveCfg = Debug|Any CPU
		{8C6B5FDF-CC9D-464D-A2DA-5DCDA3CF572F}.Debug|x86.Build.0 = Debug|Any CPU
		{8C6B5FDF-CC9D-464D-A2DA-5DCDA3CF572F}.Release|Any CPU.ActiveCfg = Release|Any CPU
		{8C6B5FDF-CC9D-464D-A2DA-5DCDA3CF572F}.Release|Any CPU.Build.0 = Release|Any CPU
		{8C6B5FDF-CC9D-464D-A2DA-5DCDA3CF572F}.Release|x64.ActiveCfg = Release|Any CPU
		{8C6B5FDF-CC9D-464D-A2DA-5DCDA3CF572F}.Release|x64.Build.0 = Release|Any CPU
		{8C6B5FDF-CC9D-464D-A2DA-5DCDA3CF572F}.Release|x86.ActiveCfg = Release|Any CPU
		{8C6B5FDF-CC9D-464D-A2DA-5DCDA3CF572F}.Release|x86.Build.0 = Release|Any CPU
		{951DF587-D640-4E39-A42E-2F75D063C716}.Debug|Any CPU.ActiveCfg = Debug|Any CPU
		{951DF587-D640-4E39-A42E-2F75D063C716}.Debug|Any CPU.Build.0 = Debug|Any CPU
		{951DF587-D640-4E39-A42E-2F75D063C716}.Debug|x64.ActiveCfg = Debug|Any CPU
		{951DF587-D640-4E39-A42E-2F75D063C716}.Debug|x64.Build.0 = Debug|Any CPU
		{951DF587-D640-4E39-A42E-2F75D063C716}.Debug|x86.ActiveCfg = Debug|Any CPU
		{951DF587-D640-4E39-A42E-2F75D063C716}.Debug|x86.Build.0 = Debug|Any CPU
		{951DF587-D640-4E39-A42E-2F75D063C716}.Release|Any CPU.ActiveCfg = Release|Any CPU
		{951DF587-D640-4E39-A42E-2F75D063C716}.Release|Any CPU.Build.0 = Release|Any CPU
		{951DF587-D640-4E39-A42E-2F75D063C716}.Release|x64.ActiveCfg = Release|Any CPU
		{951DF587-D640-4E39-A42E-2F75D063C716}.Release|x64.Build.0 = Release|Any CPU
		{951DF587-D640-4E39-A42E-2F75D063C716}.Release|x86.ActiveCfg = Release|Any CPU
		{951DF587-D640-4E39-A42E-2F75D063C716}.Release|x86.Build.0 = Release|Any CPU
	EndGlobalSection
	GlobalSection(SolutionProperties) = preSolution
		HideSolutionNode = FALSE
	EndGlobalSection
EndGlobal
